
Microsoft Visual Studio Solution File, Format Version 12.00
# Visual Studio Version 16
VisualStudioVersion = 16.0.31424.327
MinimumVisualStudioVersion = 10.0.40219.1
Project("{FAE04EC0-301F-11D3-BF4B-00C04F79EFBC}") = "Week7Master", "Week7Master\Week7Master.csproj", "{F2AA856C-1A35-47FA-BB82-FF60D8538BA3}"
EndProject
Project("{FAE04EC0-301F-11D3-BF4B-00C04F79EFBC}") = "Week7Master.Core", "Week7Master.Core\Week7Master.Core.csproj", "{81C5D6F9-4287-47E9-954F-8AE0B7C39A62}"
EndProject
Project("{FAE04EC0-301F-11D3-BF4B-00C04F79EFBC}") = "Week7Master.RepositoryMock", "Week7Master.RepositoryMock\Week7Master.RepositoryMock.csproj", "{7FB24533-5CE8-4845-93A5-A608BD48F492}"
EndProject
Global
	GlobalSection(SolutionConfigurationPlatforms) = preSolution
		Debug|Any CPU = Debug|Any CPU
		Release|Any CPU = Release|Any CPU
	EndGlobalSection
	GlobalSection(ProjectConfigurationPlatforms) = postSolution
		{F2AA856C-1A35-47FA-BB82-FF60D8538BA3}.Debug|Any CPU.ActiveCfg = Debug|Any CPU
		{F2AA856C-1A35-47FA-BB82-FF60D8538BA3}.Debug|Any CPU.Build.0 = Debug|Any CPU
		{F2AA856C-1A35-47FA-BB82-FF60D8538BA3}.Release|Any CPU.ActiveCfg = Release|Any CPU
		{F2AA856C-1A35-47FA-BB82-FF60D8538BA3}.Release|Any CPU.Build.0 = Release|Any CPU
		{81C5D6F9-4287-47E9-954F-8AE0B7C39A62}.Debug|Any CPU.ActiveCfg = Debug|Any CPU
		{81C5D6F9-4287-47E9-954F-8AE0B7C39A62}.Debug|Any CPU.Build.0 = Debug|Any CPU
		{81C5D6F9-4287-47E9-954F-8AE0B7C39A62}.Release|Any CPU.ActiveCfg = Release|Any CPU
		{81C5D6F9-4287-47E9-954F-8AE0B7C39A62}.Release|Any CPU.Build.0 = Release|Any CPU
		{7FB24533-5CE8-4845-93A5-A608BD48F492}.Debug|Any CPU.ActiveCfg = Debug|Any CPU
		{7FB24533-5CE8-4845-93A5-A608BD48F492}.Debug|Any CPU.Build.0 = Debug|Any CPU
		{7FB24533-5CE8-4845-93A5-A608BD48F492}.Release|Any CPU.ActiveCfg = Release|Any CPU
		{7FB24533-5CE8-4845-93A5-A608BD48F492}.Release|Any CPU.Build.0 = Release|Any CPU
	EndGlobalSection
	GlobalSection(SolutionProperties) = preSolution
		HideSolutionNode = FALSE
	EndGlobalSection
	GlobalSection(ExtensibilityGlobals) = postSolution
		SolutionGuid = {AD91097C-A2CE-43FA-82C2-4D1EAC46503A}
	EndGlobalSection
EndGlobal
